
Microsoft Visual Studio Solution File, Format Version 12.00
# Visual Studio Version 17
VisualStudioVersion = 17.4.33213.308
MinimumVisualStudioVersion = 10.0.40219.1
Project("{9A19103F-16F7-4668-BE54-9A1E7A4F7556}") = "Shuttle.Esb.Tests", "Shuttle.Esb.Tests\Shuttle.Esb.Tests.csproj", "{E3548FB9-C6E8-4C4F-97CF-7DC709C0A47A}"
EndProject
Project("{FAE04EC0-301F-11D3-BF4B-00C04F79EFBC}") = "Shuttle.Esb.Memory.Tests", "Shuttle.Esb.Memory.Tests\Shuttle.Esb.Memory.Tests.csproj", "{49314F96-EBFD-4F98-9BB6-08A2ED008295}"
EndProject
Global
	GlobalSection(SolutionConfigurationPlatforms) = preSolution
		Debug|Any CPU = Debug|Any CPU
		Release|Any CPU = Release|Any CPU
	EndGlobalSection
	GlobalSection(ProjectConfigurationPlatforms) = postSolution
		{E3548FB9-C6E8-4C4F-97CF-7DC709C0A47A}.Debug|Any CPU.ActiveCfg = Debug|Any CPU
		{E3548FB9-C6E8-4C4F-97CF-7DC709C0A47A}.Debug|Any CPU.Build.0 = Debug|Any CPU
		{E3548FB9-C6E8-4C4F-97CF-7DC709C0A47A}.Release|Any CPU.ActiveCfg = Release|Any CPU
		{E3548FB9-C6E8-4C4F-97CF-7DC709C0A47A}.Release|Any CPU.Build.0 = Release|Any CPU
		{49314F96-EBFD-4F98-9BB6-08A2ED008295}.Debug|Any CPU.ActiveCfg = Debug|Any CPU
		{49314F96-EBFD-4F98-9BB6-08A2ED008295}.Debug|Any CPU.Build.0 = Debug|Any CPU
		{49314F96-EBFD-4F98-9BB6-08A2ED008295}.Release|Any CPU.ActiveCfg = Release|Any CPU
		{49314F96-EBFD-4F98-9BB6-08A2ED008295}.Release|Any CPU.Build.0 = Release|Any CPU
	EndGlobalSection
	GlobalSection(SolutionProperties) = preSolution
		HideSolutionNode = FALSE
	EndGlobalSection
	GlobalSection(ExtensibilityGlobals) = postSolution
		SolutionGuid = {01F2A546-94D0-4572-A20E-C2110F2E8619}
	EndGlobalSection
EndGlobal
